
Microsoft Visual Studio Solution File, Format Version 12.00
Project("{FAE04EC0-301F-11D3-BF4B-00C04F79EFBC}") = "RoletaBrindes", "RoletaBrindes.csproj", "{4764756C-B0D8-4771-92F6-862EAA0F559D}"
EndProject
Global
	GlobalSection(SolutionConfigurationPlatforms) = preSolution
		Debug|Any CPU = Debug|Any CPU
		Release|Any CPU = Release|Any CPU
	EndGlobalSection
	GlobalSection(ProjectConfigurationPlatforms) = postSolution
		{4764756C-B0D8-4771-92F6-862EAA0F559D}.Debug|Any CPU.ActiveCfg = Debug|Any CPU
		{4764756C-B0D8-4771-92F6-862EAA0F559D}.Debug|Any CPU.Build.0 = Debug|Any CPU
		{4764756C-B0D8-4771-92F6-862EAA0F559D}.Release|Any CPU.ActiveCfg = Release|Any CPU
		{4764756C-B0D8-4771-92F6-862EAA0F559D}.Release|Any CPU.Build.0 = Release|Any CPU
	EndGlobalSection
EndGlobal
